// !$*UTF8*$!
{
	archiveVersion = 1;
	classes = {
	};
	objectVersion = 55;
	objects = {

/* Begin PBXBuildFile section */
		071484BF2BA351A800477546 /* UserDetailsVC.swift in Sources */ = {isa = PBXBuildFile; fileRef = 071484BE2BA351A800477546 /* UserDetailsVC.swift */; };
		07D3F6D12BA2FCED0032DF70 /* AppDelegate.swift in Sources */ = {isa = PBXBuildFile; fileRef = 07D3F6D02BA2FCED0032DF70 /* AppDelegate.swift */; };
		07D3F6D32BA2FCED0032DF70 /* SceneDelegate.swift in Sources */ = {isa = PBXBuildFile; fileRef = 07D3F6D22BA2FCED0032DF70 /* SceneDelegate.swift */; };
		07D3F6D52BA2FCED0032DF70 /* UsersListVC.swift in Sources */ = {isa = PBXBuildFile; fileRef = 07D3F6D42BA2FCED0032DF70 /* UsersListVC.swift */; };
		07D3F6D82BA2FCED0032DF70 /* Main.storyboard in Resources */ = {isa = PBXBuildFile; fileRef = 07D3F6D62BA2FCED0032DF70 /* Main.storyboard */; };
		07D3F6DA2BA2FCF20032DF70 /* Assets.xcassets in Resources */ = {isa = PBXBuildFile; fileRef = 07D3F6D92BA2FCF20032DF70 /* Assets.xcassets */; };
		07D3F6DD2BA2FCF20032DF70 /* LaunchScreen.storyboard in Resources */ = {isa = PBXBuildFile; fileRef = 07D3F6DB2BA2FCF20032DF70 /* LaunchScreen.storyboard */; };
		07D3F6E72BA3056E0032DF70 /* CreateVC.swift in Sources */ = {isa = PBXBuildFile; fileRef = 07D3F6E62BA3056D0032DF70 /* CreateVC.swift */; };
		07D3F6E92BA30CE50032DF70 /* UserViewCell.swift in Sources */ = {isa = PBXBuildFile; fileRef = 07D3F6E82BA30CE50032DF70 /* UserViewCell.swift */; };
		07D3F6EB2BA310500032DF70 /* UsersList.swift in Sources */ = {isa = PBXBuildFile; fileRef = 07D3F6EA2BA310500032DF70 /* UsersList.swift */; };
		07EF96E52BA4937C0057C59E /* UserData.xcdatamodeld in Sources */ = {isa = PBXBuildFile; fileRef = 07EF96E32BA4937C0057C59E /* UserData.xcdatamodeld */; };
/* End PBXBuildFile section */

/* Begin PBXFileReference section */
		071484BE2BA351A800477546 /* UserDetailsVC.swift */ = {isa = PBXFileReference; lastKnownFileType = sourcecode.swift; path = UserDetailsVC.swift; sourceTree = "<group>"; };
		07D3F6CD2BA2FCED0032DF70 /* UsersListCRUD.app */ = {isa = PBXFileReference; explicitFileType = wrapper.application; includeInIndex = 0; path = UsersListCRUD.app; sourceTree = BUILT_PRODUCTS_DIR; };
		07D3F6D02BA2FCED0032DF70 /* AppDelegate.swift */ = {isa = PBXFileReference; lastKnownFileType = sourcecode.swift; path = AppDelegate.swift; sourceTree = "<group>"; };
		07D3F6D22BA2FCED0032DF70 /* SceneDelegate.swift */ = {isa = PBXFileReference; lastKnownFileType = sourcecode.swift; path = SceneDelegate.swift; sourceTree = "<group>"; };
		07D3F6D42BA2FCED0032DF70 /* UsersListVC.swift */ = {isa = PBXFileReference; lastKnownFileType = sourcecode.swift; path = UsersListVC.swift; sourceTree = "<group>"; };
		07D3F6D72BA2FCED0032DF70 /* Base */ = {isa = PBXFileReference; lastKnownFileType = file.storyboard; name = Base; path = Base.lproj/Main.storyboard; sourceTree = "<group>"; };
		07D3F6D92BA2FCF20032DF70 /* Assets.xcassets */ = {isa = PBXFileReference; lastKnownFileType = folder.assetcatalog; path = Assets.xcassets; sourceTree = "<group>"; };
		07D3F6DC2BA2FCF20032DF70 /* Base */ = {isa = PBXFileReference; lastKnownFileType = file.storyboard; name = Base; path = Base.lproj/LaunchScreen.storyboard; sourceTree = "<group>"; };
		07D3F6DE2BA2FCF20032DF70 /* Info.plist */ = {isa = PBXFileReference; lastKnownFileType = text.plist.xml; path = Info.plist; sourceTree = "<group>"; };
		07D3F6E62BA3056D0032DF70 /* CreateVC.swift */ = {isa = PBXFileReference; lastKnownFileType = sourcecode.swift; path = CreateVC.swift; sourceTree = "<group>"; };
		07D3F6E82BA30CE50032DF70 /* UserViewCell.swift */ = {isa = PBXFileReference; lastKnownFileType = sourcecode.swift; path = UserViewCell.swift; sourceTree = "<group>"; };
		07D3F6EA2BA310500032DF70 /* UsersList.swift */ = {isa = PBXFileReference; lastKnownFileType = sourcecode.swift; path = UsersList.swift; sourceTree = "<group>"; };
		07EF96E42BA4937C0057C59E /* UserData.xcdatamodel */ = {isa = PBXFileReference; lastKnownFileType = wrapper.xcdatamodel; path = UserData.xcdatamodel; sourceTree = "<group>"; };
/* End PBXFileReference section */

/* Begin PBXFrameworksBuildPhase section */
		07D3F6CA2BA2FCED0032DF70 /* Frameworks */ = {
			isa = PBXFrameworksBuildPhase;
			buildActionMask = 2147483647;
			files = (
			);
			runOnlyForDeploymentPostprocessing = 0;
		};
/* End PBXFrameworksBuildPhase section */

/* Begin PBXGroup section */
		073211412BA4B996003DBA0E /* View */ = {
			isa = PBXGroup;
			children = (
				07D3F6DB2BA2FCF20032DF70 /* LaunchScreen.storyboard */,
				07D3F6D62BA2FCED0032DF70 /* Main.storyboard */,
			);
			name = View;
			path = "New Group";
			sourceTree = "<group>";
		};
		073211422BA4B9A8003DBA0E /* Model */ = {
			isa = PBXGroup;
			children = (
				07D3F6EA2BA310500032DF70 /* UsersList.swift */,
				07D3F6E82BA30CE50032DF70 /* UserViewCell.swift */,
			);
			path = Model;
			sourceTree = "<group>";
		};
		073211432BA4B9B8003DBA0E /* Controller */ = {
			isa = PBXGroup;
			children = (
				07D3F6E62BA3056D0032DF70 /* CreateVC.swift */,
				071484BE2BA351A800477546 /* UserDetailsVC.swift */,
				07D3F6D42BA2FCED0032DF70 /* UsersListVC.swift */,
			);
			path = Controller;
			sourceTree = "<group>";
		};
		07D3F6C42BA2FCEC0032DF70 = {
			isa = PBXGroup;
			children = (
				07D3F6CF2BA2FCED0032DF70 /* UsersListCRUD */,
				07D3F6CE2BA2FCED0032DF70 /* Products */,
			);
			sourceTree = "<group>";
		};
		07D3F6CE2BA2FCED0032DF70 /* Products */ = {
			isa = PBXGroup;
			children = (
				07D3F6CD2BA2FCED0032DF70 /* UsersListCRUD.app */,
			);
			name = Products;
			sourceTree = "<group>";
		};
		07D3F6CF2BA2FCED0032DF70 /* UsersListCRUD */ = {
			isa = PBXGroup;
			children = (
				073211432BA4B9B8003DBA0E /* Controller */,
				073211422BA4B9A8003DBA0E /* Model */,
				073211412BA4B996003DBA0E /* View */,
				07D3F6D02BA2FCED0032DF70 /* AppDelegate.swift */,
				07EF96E32BA4937C0057C59E /* UserData.xcdatamodeld */,
				07D3F6D22BA2FCED0032DF70 /* SceneDelegate.swift */,
				07D3F6D92BA2FCF20032DF70 /* Assets.xcassets */,
				07D3F6DE2BA2FCF20032DF70 /* Info.plist */,
			);
			path = UsersListCRUD;
			sourceTree = "<group>";
		};
/* End PBXGroup section */

/* Begin PBXNativeTarget section */
		07D3F6CC2BA2FCED0032DF70 /* UsersListCRUD */ = {
			isa = PBXNativeTarget;
			buildConfigurationList = 07D3F6E12BA2FCF20032DF70 /* Build configuration list for PBXNativeTarget "UsersListCRUD" */;
			buildPhases = (
				07D3F6C92BA2FCED0032DF70 /* Sources */,
				07D3F6CA2BA2FCED0032DF70 /* Frameworks */,
				07D3F6CB2BA2FCED0032DF70 /* Resources */,
			);
			buildRules = (
			);
			dependencies = (
			);
			name = UsersListCRUD;
			productName = UsersListCRUD;
			productReference = 07D3F6CD2BA2FCED0032DF70 /* UsersListCRUD.app */;
			productType = "com.apple.product-type.application";
		};
/* End PBXNativeTarget section */

/* Begin PBXProject section */
		07D3F6C52BA2FCEC0032DF70 /* Project object */ = {
			isa = PBXProject;
			attributes = {
				BuildIndependentTargetsInParallel = 1;
				LastSwiftUpdateCheck = 1320;
				LastUpgradeCheck = 1320;
				TargetAttributes = {
					07D3F6CC2BA2FCED0032DF70 = {
						CreatedOnToolsVersion = 13.2;
					};
				};
			};
			buildConfigurationList = 07D3F6C82BA2FCED0032DF70 /* Build configuration list for PBXProject "UsersListCRUD" */;
			compatibilityVersion = "Xcode 13.0";
			developmentRegion = en;
			hasScannedForEncodings = 0;
			knownRegions = (
				en,
				Base,
			);
			mainGroup = 07D3F6C42BA2FCEC0032DF70;
			productRefGroup = 07D3F6CE2BA2FCED0032DF70 /* Products */;
			projectDirPath = "";
			projectRoot = "";
			targets = (
				07D3F6CC2BA2FCED0032DF70 /* UsersListCRUD */,
			);
		};
/* End PBXProject section */

/* Begin PBXResourcesBuildPhase section */
		07D3F6CB2BA2FCED0032DF70 /* Resources */ = {
			isa = PBXResourcesBuildPhase;
			buildActionMask = 2147483647;
			files = (
				07D3F6DD2BA2FCF20032DF70 /* LaunchScreen.storyboard in Resources */,
				07D3F6DA2BA2FCF20032DF70 /* Assets.xcassets in Resources */,
				07D3F6D82BA2FCED0032DF70 /* Main.storyboard in Resources */,
			);
			runOnlyForDeploymentPostprocessing = 0;
		};
/* End PBXResourcesBuildPhase section */

/* Begin PBXSourcesBuildPhase section */
		07D3F6C92BA2FCED0032DF70 /* Sources */ = {
			isa = PBXSourcesBuildPhase;
			buildActionMask = 2147483647;
			files = (
				07EF96E52BA4937C0057C59E /* UserData.xcdatamodeld in Sources */,
				07D3F6D52BA2FCED0032DF70 /* UsersListVC.swift in Sources */,
				07D3F6E72BA3056E0032DF70 /* CreateVC.swift in Sources */,
				07D3F6E92BA30CE50032DF70 /* UserViewCell.swift in Sources */,
				071484BF2BA351A800477546 /* UserDetailsVC.swift in Sources */,
				07D3F6EB2BA310500032DF70 /* UsersList.swift in Sources */,
				07D3F6D12BA2FCED0032DF70 /* AppDelegate.swift in Sources */,
				07D3F6D32BA2FCED0032DF70 /* SceneDelegate.swift in Sources */,
			);
			runOnlyForDeploymentPostprocessing = 0;
		};
/* End PBXSourcesBuildPhase section */

/* Begin PBXVariantGroup section */
		07D3F6D62BA2FCED0032DF70 /* Main.storyboard */ = {
			isa = PBXVariantGroup;
			children = (
				07D3F6D72BA2FCED0032DF70 /* Base */,
			);
			name = Main.storyboard;
			sourceTree = "<group>";
		};
		07D3F6DB2BA2FCF20032DF70 /* LaunchScreen.storyboard */ = {
			isa = PBXVariantGroup;
			children = (
				07D3F6DC2BA2FCF20032DF70 /* Base */,
			);
			name = LaunchScreen.storyboard;
			sourceTree = "<group>";
		};
/* End PBXVariantGroup section */

/* Begin XCBuildConfiguration section */
		07D3F6DF2BA2FCF20032DF70 /* Debug */ = {
			isa = XCBuildConfiguration;
			buildSettings = {
				ALWAYS_SEARCH_USER_PATHS = NO;
				CLANG_ANALYZER_NONNULL = YES;
				CLANG_ANALYZER_NUMBER_OBJECT_CONVERSION = YES_AGGRESSIVE;
				CLANG_CXX_LANGUAGE_STANDARD = "gnu++17";
				CLANG_CXX_LIBRARY = "libc++";
				CLANG_ENABLE_MODULES = YES;
				CLANG_ENABLE_OBJC_ARC = YES;
				CLANG_ENABLE_OBJC_WEAK = YES;
				CLANG_WARN_BLOCK_CAPTURE_AUTORELEASING = YES;
				CLANG_WARN_BOOL_CONVERSION = YES;
				CLANG_WARN_COMMA = YES;
				CLANG_WARN_CONSTANT_CONVERSION = YES;
				CLANG_WARN_DEPRECATED_OBJC_IMPLEMENTATIONS = YES;
				CLANG_WARN_DIRECT_OBJC_ISA_USAGE = YES_ERROR;
				CLANG_WARN_DOCUMENTATION_COMMENTS = YES;
				CLANG_WARN_EMPTY_BODY = YES;
				CLANG_WARN_ENUM_CONVERSION = YES;
				CLANG_WARN_INFINITE_RECURSION = YES;
				CLANG_WARN_INT_CONVERSION = YES;
				CLANG_WARN_NON_LITERAL_NULL_CONVERSION = YES;
				CLANG_WARN_OBJC_IMPLICIT_RETAIN_SELF = YES;
				CLANG_WARN_OBJC_LITERAL_CONVERSION = YES;
				CLANG_WARN_OBJC_ROOT_CLASS = YES_ERROR;
				CLANG_WARN_QUOTED_INCLUDE_IN_FRAMEWORK_HEADER = YES;
				CLANG_WARN_RANGE_LOOP_ANALYSIS = YES;
				CLANG_WARN_STRICT_PROTOTYPES = YES;
				CLANG_WARN_SUSPICIOUS_MOVE = YES;
				CLANG_WARN_UNGUARDED_AVAILABILITY = YES_AGGRESSIVE;
				CLANG_WARN_UNREACHABLE_CODE = YES;
				CLANG_WARN__DUPLICATE_METHOD_MATCH = YES;
				COPY_PHASE_STRIP = NO;
				DEBUG_INFORMATION_FORMAT = dwarf;
				ENABLE_STRICT_OBJC_MSGSEND = YES;
				ENABLE_TESTABILITY = YES;
				GCC_C_LANGUAGE_STANDARD = gnu11;
				GCC_DYNAMIC_NO_PIC = NO;
				GCC_NO_COMMON_BLOCKS = YES;
				GCC_OPTIMIZATION_LEVEL = 0;
				GCC_PREPROCESSOR_DEFINITIONS = (
					"DEBUG=1",
					"$(inherited)",
				);
				GCC_WARN_64_TO_32_BIT_CONVERSION = YES;
				GCC_WARN_ABOUT_RETURN_TYPE = YES_ERROR;
				GCC_WARN_UNDECLARED_SELECTOR = YES;
				GCC_WARN_UNINITIALIZED_AUTOS = YES_AGGRESSIVE;
				GCC_WARN_UNUSED_FUNCTION = YES;
				GCC_WARN_UNUSED_VARIABLE = YES;
				IPHONEOS_DEPLOYMENT_TARGET = 15.2;
				MTL_ENABLE_DEBUG_INFO = INCLUDE_SOURCE;
				MTL_FAST_MATH = YES;
				ONLY_ACTIVE_ARCH = YES;
				SDKROOT = iphoneos;
				SWIFT_ACTIVE_COMPILATION_CONDITIONS = DEBUG;
				SWIFT_OPTIMIZATION_LEVEL = "-Onone";
			};
			name = Debug;
		};
		07D3F6E02BA2FCF20032DF70 /* Release */ = {
			isa = XCBuildConfiguration;
			buildSettings = {
				ALWAYS_SEARCH_USER_PATHS = NO;
				CLANG_ANALYZER_NONNULL = YES;
				CLANG_ANALYZER_NUMBER_OBJECT_CONVERSION = YES_AGGRESSIVE;
				CLANG_CXX_LANGUAGE_STANDARD = "gnu++17";
				CLANG_CXX_LIBRARY = "libc++";
				CLANG_ENABLE_MODULES = YES;
				CLANG_ENABLE_OBJC_ARC = YES;
				CLANG_ENABLE_OBJC_WEAK = YES;
				CLANG_WARN_BLOCK_CAPTURE_AUTORELEASING = YES;
				CLANG_WARN_BOOL_CONVERSION = YES;
				CLANG_WARN_COMMA = YES;
				CLANG_WARN_CONSTANT_CONVERSION = YES;
				CLANG_WARN_DEPRECATED_OBJC_IMPLEMENTATIONS = YES;
				CLANG_WARN_DIRECT_OBJC_ISA_USAGE = YES_ERROR;
				CLANG_WARN_DOCUMENTATION_COMMENTS = YES;
				CLANG_WARN_EMPTY_BODY = YES;
				CLANG_WARN_ENUM_CONVERSION = YES;
				CLANG_WARN_INFINITE_RECURSION = YES;
				CLANG_WARN_INT_CONVERSION = YES;
				CLANG_WARN_NON_LITERAL_NULL_CONVERSION = YES;
				CLANG_WARN_OBJC_IMPLICIT_RETAIN_SELF = YES;
				CLANG_WARN_OBJC_LITERAL_CONVERSION = YES;
				CLANG_WARN_OBJC_ROOT_CLASS = YES_ERROR;
				CLANG_WARN_QUOTED_INCLUDE_IN_FRAMEWORK_HEADER = YES;
				CLANG_WARN_RANGE_LOOP_ANALYSIS = YES;
				CLANG_WARN_STRICT_PROTOTYPES = YES;
				CLANG_WARN_SUSPICIOUS_MOVE = YES;
				CLANG_WARN_UNGUARDED_AVAILABILITY = YES_AGGRESSIVE;
				CLANG_WARN_UNREACHABLE_CODE = YES;
				CLANG_WARN__DUPLICATE_METHOD_MATCH = YES;
				COPY_PHASE_STRIP = NO;
				DEBUG_INFORMATION_FORMAT = "dwarf-with-dsym";
				ENABLE_NS_ASSERTIONS = NO;
				ENABLE_STRICT_OBJC_MSGSEND = YES;
				GCC_C_LANGUAGE_STANDARD = gnu11;
				GCC_NO_COMMON_BLOCKS = YES;
				GCC_WARN_64_TO_32_BIT_CONVERSION = YES;
				GCC_WARN_ABOUT_RETURN_TYPE = YES_ERROR;
				GCC_WARN_UNDECLARED_SELECTOR = YES;
				GCC_WARN_UNINITIALIZED_AUTOS = YES_AGGRESSIVE;
				GCC_WARN_UNUSED_FUNCTION = YES;
				GCC_WARN_UNUSED_VARIABLE = YES;
				IPHONEOS_DEPLOYMENT_TARGET = 15.2;
				MTL_ENABLE_DEBUG_INFO = NO;
				MTL_FAST_MATH = YES;
				SDKROOT = iphoneos;
				SWIFT_COMPILATION_MODE = wholemodule;
				SWIFT_OPTIMIZATION_LEVEL = "-O";
				VALIDATE_PRODUCT = YES;
			};
			name = Release;
		};
		07D3F6E22BA2FCF20032DF70 /* Debug */ = {
			isa = XCBuildConfiguration;
			buildSettings = {
				ASSETCATALOG_COMPILER_APPICON_NAME = AppIcon;
				ASSETCATALOG_COMPILER_GLOBAL_ACCENT_COLOR_NAME = AccentColor;
				CODE_SIGN_STYLE = Automatic;
				CURRENT_PROJECT_VERSION = 1;
				DEVELOPMENT_TEAM = CZAAVN9JAQ;
				GENERATE_INFOPLIST_FILE = YES;
				INFOPLIST_FILE = UsersListCRUD/Info.plist;
				INFOPLIST_KEY_UIApplicationSupportsIndirectInputEvents = YES;
				INFOPLIST_KEY_UILaunchStoryboardName = LaunchScreen;
				INFOPLIST_KEY_UIMainStoryboardFile = Main;
				INFOPLIST_KEY_UISupportedInterfaceOrientations_iPad = "UIInterfaceOrientationPortrait UIInterfaceOrientationPortraitUpsideDown UIInterfaceOrientationLandscapeLeft UIInterfaceOrientationLandscapeRight";
				INFOPLIST_KEY_UISupportedInterfaceOrientations_iPhone = "UIInterfaceOrientationPortrait UIInterfaceOrientationLandscapeLeft UIInterfaceOrientationLandscapeRight";
				LD_RUNPATH_SEARCH_PATHS = (
					"$(inherited)",
					"@executable_path/Frameworks",
				);
				MARKETING_VERSION = 1.0;
				PRODUCT_BUNDLE_IDENTIFIER = mr.barkat.UsersListCRUD;
				PRODUCT_NAME = "$(TARGET_NAME)";
				SWIFT_EMIT_LOC_STRINGS = YES;
				SWIFT_VERSION = 5.0;
				TARGETED_DEVICE_FAMILY = "1,2";
			};
			name = Debug;
		};
		07D3F6E32BA2FCF20032DF70 /* Release */ = {
			isa = XCBuildConfiguration;
			buildSettings = {
				ASSETCATALOG_COMPILER_APPICON_NAME = AppIcon;
				ASSETCATALOG_COMPILER_GLOBAL_ACCENT_COLOR_NAME = AccentColor;
				CODE_SIGN_STYLE = Automatic;
				CURRENT_PROJECT_VERSION = 1;
				DEVELOPMENT_TEAM = CZAAVN9JAQ;
				GENERATE_INFOPLIST_FILE = YES;
				INFOPLIST_FILE = UsersListCRUD/Info.plist;
				INFOPLIST_KEY_UIApplicationSupportsIndirectInputEvents = YES;
				INFOPLIST_KEY_UILaunchStoryboardName = LaunchScreen;
				INFOPLIST_KEY_UIMainStoryboardFile = Main;
				INFOPLIST_KEY_UISupportedInterfaceOrientations_iPad = "UIInterfaceOrientationPortrait UIInterfaceOrientationPortraitUpsideDown UIInterfaceOrientationLandscapeLeft UIInterfaceOrientationLandscapeRight";
				INFOPLIST_KEY_UISupportedInterfaceOrientations_iPhone = "UIInterfaceOrientationPortrait UIInterfaceOrientationLandscapeLeft UIInterfaceOrientationLandscapeRight";
				LD_RUNPATH_SEARCH_PATHS = (
					"$(inherited)",
					"@executable_path/Frameworks",
				);
				MARKETING_VERSION = 1.0;
				PRODUCT_BUNDLE_IDENTIFIER = mr.barkat.UsersListCRUD;
				PRODUCT_NAME = "$(TARGET_NAME)";
				SWIFT_EMIT_LOC_STRINGS = YES;
				SWIFT_VERSION = 5.0;
				TARGETED_DEVICE_FAMILY = "1,2";
			};
			name = Release;
		};
/* End XCBuildConfiguration section */

/* Begin XCConfigurationList section */
		07D3F6C82BA2FCED0032DF70 /* Build configuration list for PBXProject "UsersListCRUD" */ = {
			isa = XCConfigurationList;
			buildConfigurations = (
				07D3F6DF2BA2FCF20032DF70 /* Debug */,
				07D3F6E02BA2FCF20032DF70 /* Release */,
			);
			defaultConfigurationIsVisible = 0;
			defaultConfigurationName = Release;
		};
		07D3F6E12BA2FCF20032DF70 /* Build configuration list for PBXNativeTarget "UsersListCRUD" */ = {
			isa = XCConfigurationList;
			buildConfigurations = (
				07D3F6E22BA2FCF20032DF70 /* Debug */,
				07D3F6E32BA2FCF20032DF70 /* Release */,
			);
			defaultConfigurationIsVisible = 0;
			defaultConfigurationName = Release;
		};
/* End XCConfigurationList section */

/* Begin XCVersionGroup section */
		07EF96E32BA4937C0057C59E /* UserData.xcdatamodeld */ = {
			isa = XCVersionGroup;
			children = (
				07EF96E42BA4937C0057C59E /* UserData.xcdatamodel */,
			);
			currentVersion = 07EF96E42BA4937C0057C59E /* UserData.xcdatamodel */;
			path = UserData.xcdatamodeld;
			sourceTree = "<group>";
			versionGroupType = wrapper.xcdatamodel;
		};
/* End XCVersionGroup section */
	};
	rootObject = 07D3F6C52BA2FCEC0032DF70 /* Project object */;
}
